
Microsoft Visual Studio Solution File, Format Version 12.00
# Visual Studio 15
VisualStudioVersion = 15.0.28307.1500
MinimumVisualStudioVersion = 10.0.40219.1
Project("{FAE04EC0-301F-11D3-BF4B-00C04F79EFBC}") = "DAL", "DAL\DAL.csproj", "{D5862956-0206-46C8-8392-A46AF75336FC}"
EndProject
Project("{FAE04EC0-301F-11D3-BF4B-00C04F79EFBC}") = "BL", "BL\BL.csproj", "{C1E047BB-D755-4581-BD5E-4E55A6CBE757}"
EndProject
Project("{FAE04EC0-301F-11D3-BF4B-00C04F79EFBC}") = "WebApi", "WebApi\WebApi.csproj", "{B1168BAC-2C2C-4A09-861C-1DED4FC0CAB5}"
EndProject
Project("{FAE04EC0-301F-11D3-BF4B-00C04F79EFBC}") = "Entities", "Entities\Entities.csproj", "{049BEDD7-8EC6-4746-98A4-362A10599015}"
EndProject
Global
	GlobalSection(SolutionConfigurationPlatforms) = preSolution
		Debug|Any CPU = Debug|Any CPU
		Release|Any CPU = Release|Any CPU
	EndGlobalSection
	GlobalSection(ProjectConfigurationPlatforms) = postSolution
		{D5862956-0206-46C8-8392-A46AF75336FC}.Debug|Any CPU.ActiveCfg = Debug|Any CPU
		{D5862956-0206-46C8-8392-A46AF75336FC}.Debug|Any CPU.Build.0 = Debug|Any CPU
		{D5862956-0206-46C8-8392-A46AF75336FC}.Release|Any CPU.ActiveCfg = Release|Any CPU
		{D5862956-0206-46C8-8392-A46AF75336FC}.Release|Any CPU.Build.0 = Release|Any CPU
		{C1E047BB-D755-4581-BD5E-4E55A6CBE757}.Debug|Any CPU.ActiveCfg = Debug|Any CPU
		{C1E047BB-D755-4581-BD5E-4E55A6CBE757}.Debug|Any CPU.Build.0 = Debug|Any CPU
		{C1E047BB-D755-4581-BD5E-4E55A6CBE757}.Release|Any CPU.ActiveCfg = Release|Any CPU
		{C1E047BB-D755-4581-BD5E-4E55A6CBE757}.Release|Any CPU.Build.0 = Release|Any CPU
		{B1168BAC-2C2C-4A09-861C-1DED4FC0CAB5}.Debug|Any CPU.ActiveCfg = Debug|Any CPU
		{B1168BAC-2C2C-4A09-861C-1DED4FC0CAB5}.Debug|Any CPU.Build.0 = Debug|Any CPU
		{B1168BAC-2C2C-4A09-861C-1DED4FC0CAB5}.Release|Any CPU.ActiveCfg = Release|Any CPU
		{B1168BAC-2C2C-4A09-861C-1DED4FC0CAB5}.Release|Any CPU.Build.0 = Release|Any CPU
		{049BEDD7-8EC6-4746-98A4-362A10599015}.Debug|Any CPU.ActiveCfg = Debug|Any CPU
		{049BEDD7-8EC6-4746-98A4-362A10599015}.Debug|Any CPU.Build.0 = Debug|Any CPU
		{049BEDD7-8EC6-4746-98A4-362A10599015}.Release|Any CPU.ActiveCfg = Release|Any CPU
		{049BEDD7-8EC6-4746-98A4-362A10599015}.Release|Any CPU.Build.0 = Release|Any CPU
	EndGlobalSection
	GlobalSection(SolutionProperties) = preSolution
		HideSolutionNode = FALSE
	EndGlobalSection
	GlobalSection(ExtensibilityGlobals) = postSolution
		SolutionGuid = {3DA7396A-45A3-45AD-969C-A051ADB4B98C}
	EndGlobalSection
EndGlobal
